
Microsoft Visual Studio Solution File, Format Version 12.00
# Visual Studio Version 16
VisualStudioVersion = 16.0.810.25
MinimumVisualStudioVersion = 10.0.40219.1
Project("{FAE04EC0-301F-11D3-BF4B-00C04F79EFBC}") = "Calculator1", "Calculator1.csproj", "{A79D77A7-7778-4B71-82E9-50055CEAE5DD}"
EndProject
Global
	GlobalSection(SolutionConfigurationPlatforms) = preSolution
		Debug|Any CPU = Debug|Any CPU
		Release|Any CPU = Release|Any CPU
	EndGlobalSection
	GlobalSection(ProjectConfigurationPlatforms) = postSolution
		{A79D77A7-7778-4B71-82E9-50055CEAE5DD}.Debug|Any CPU.ActiveCfg = Debug|Any CPU
		{A79D77A7-7778-4B71-82E9-50055CEAE5DD}.Debug|Any CPU.Build.0 = Debug|Any CPU
		{A79D77A7-7778-4B71-82E9-50055CEAE5DD}.Release|Any CPU.ActiveCfg = Release|Any CPU
		{A79D77A7-7778-4B71-82E9-50055CEAE5DD}.Release|Any CPU.Build.0 = Release|Any CPU
	EndGlobalSection
	GlobalSection(SolutionProperties) = preSolution
		HideSolutionNode = FALSE
	EndGlobalSection
	GlobalSection(ExtensibilityGlobals) = postSolution
		SolutionGuid = {A82B5F70-F5D6-4163-AB75-5F37AD6CB545}
	EndGlobalSection
EndGlobal
